
Microsoft Visual Studio Solution File, Format Version 12.00
# Visual Studio Version 16
VisualStudioVersion = 16.0.28407.52
MinimumVisualStudioVersion = 10.0.40219.1
Project("{FAE04EC0-301F-11D3-BF4B-00C04F79EFBC}") = "Checkout", "Checkout\Checkout.csproj", "{6B8871FF-B3A0-4FFA-86B2-992EC7037153}"
EndProject
Project("{FAE04EC0-301F-11D3-BF4B-00C04F79EFBC}") = "CheckoutKataTests", "CheckoutKataTests\CheckoutKataTests.csproj", "{512148C5-1D39-4A8F-AC8C-0E1802788BA5}"
EndProject
Global
	GlobalSection(SolutionConfigurationPlatforms) = preSolution
		Debug|Any CPU = Debug|Any CPU
		Release|Any CPU = Release|Any CPU
	EndGlobalSection
	GlobalSection(ProjectConfigurationPlatforms) = postSolution
		{6B8871FF-B3A0-4FFA-86B2-992EC7037153}.Debug|Any CPU.ActiveCfg = Debug|Any CPU
		{6B8871FF-B3A0-4FFA-86B2-992EC7037153}.Debug|Any CPU.Build.0 = Debug|Any CPU
		{6B8871FF-B3A0-4FFA-86B2-992EC7037153}.Release|Any CPU.ActiveCfg = Release|Any CPU
		{6B8871FF-B3A0-4FFA-86B2-992EC7037153}.Release|Any CPU.Build.0 = Release|Any CPU
		{512148C5-1D39-4A8F-AC8C-0E1802788BA5}.Debug|Any CPU.ActiveCfg = Debug|Any CPU
		{512148C5-1D39-4A8F-AC8C-0E1802788BA5}.Debug|Any CPU.Build.0 = Debug|Any CPU
		{512148C5-1D39-4A8F-AC8C-0E1802788BA5}.Release|Any CPU.ActiveCfg = Release|Any CPU
		{512148C5-1D39-4A8F-AC8C-0E1802788BA5}.Release|Any CPU.Build.0 = Release|Any CPU
	EndGlobalSection
	GlobalSection(SolutionProperties) = preSolution
		HideSolutionNode = FALSE
	EndGlobalSection
	GlobalSection(ExtensibilityGlobals) = postSolution
		SolutionGuid = {14050B20-C2E8-4D1C-A65D-EF2D5078B34C}
	EndGlobalSection
EndGlobal
